
Microsoft Visual Studio Solution File, Format Version 12.00
# Visual Studio Version 16
VisualStudioVersion = 16.0.30517.126
MinimumVisualStudioVersion = 10.0.40219.1
Project("{FAE04EC0-301F-11D3-BF4B-00C04F79EFBC}") = "MediatorPattern", "MediatorPattern\MediatorPattern.csproj", "{DD88D65C-D8B3-4A8F-8855-882C66B2F107}"
EndProject
Global
	GlobalSection(SolutionConfigurationPlatforms) = preSolution
		Debug|Any CPU = Debug|Any CPU
		Release|Any CPU = Release|Any CPU
	EndGlobalSection
	GlobalSection(ProjectConfigurationPlatforms) = postSolution
		{DD88D65C-D8B3-4A8F-8855-882C66B2F107}.Debug|Any CPU.ActiveCfg = Debug|Any CPU
		{DD88D65C-D8B3-4A8F-8855-882C66B2F107}.Debug|Any CPU.Build.0 = Debug|Any CPU
		{DD88D65C-D8B3-4A8F-8855-882C66B2F107}.Release|Any CPU.ActiveCfg = Release|Any CPU
		{DD88D65C-D8B3-4A8F-8855-882C66B2F107}.Release|Any CPU.Build.0 = Release|Any CPU
	EndGlobalSection
	GlobalSection(SolutionProperties) = preSolution
		HideSolutionNode = FALSE
	EndGlobalSection
	GlobalSection(ExtensibilityGlobals) = postSolution
		SolutionGuid = {86450928-B194-4F8F-B0AF-CEB8AA8A9A61}
	EndGlobalSection
EndGlobal
