
Microsoft Visual Studio Solution File, Format Version 12.00
# Visual Studio Version 16
VisualStudioVersion = 16.0.30709.132
MinimumVisualStudioVersion = 10.0.40219.1
Project("{FAE04EC0-301F-11D3-BF4B-00C04F79EFBC}") = "FacadePattern", "FacadePattern\FacadePattern.csproj", "{16934E5E-BB3E-4C91-B41F-568879EFB8A6}"
EndProject
Global
	GlobalSection(SolutionConfigurationPlatforms) = preSolution
		Debug|Any CPU = Debug|Any CPU
		Release|Any CPU = Release|Any CPU
	EndGlobalSection
	GlobalSection(ProjectConfigurationPlatforms) = postSolution
		{16934E5E-BB3E-4C91-B41F-568879EFB8A6}.Debug|Any CPU.ActiveCfg = Debug|Any CPU
		{16934E5E-BB3E-4C91-B41F-568879EFB8A6}.Debug|Any CPU.Build.0 = Debug|Any CPU
		{16934E5E-BB3E-4C91-B41F-568879EFB8A6}.Release|Any CPU.ActiveCfg = Release|Any CPU
		{16934E5E-BB3E-4C91-B41F-568879EFB8A6}.Release|Any CPU.Build.0 = Release|Any CPU
	EndGlobalSection
	GlobalSection(SolutionProperties) = preSolution
		HideSolutionNode = FALSE
	EndGlobalSection
	GlobalSection(ExtensibilityGlobals) = postSolution
		SolutionGuid = {D9AAB67B-C21D-4966-98AC-7E2D8D2D7355}
	EndGlobalSection
EndGlobal
